
Microsoft Visual Studio Solution File, Format Version 12.00
# Visual Studio Version 17
VisualStudioVersion = 17.5.33530.505
MinimumVisualStudioVersion = 10.0.40219.1
Project("{FAE04EC0-301F-11D3-BF4B-00C04F79EFBC}") = "FlipCoin", "FlipCoin\FlipCoin.csproj", "{2F6902F5-8B7A-4A65-A316-1CF07B21503C}"
EndProject
Global
	GlobalSection(SolutionConfigurationPlatforms) = preSolution
		Debug|Any CPU = Debug|Any CPU
		Release|Any CPU = Release|Any CPU
	EndGlobalSection
	GlobalSection(ProjectConfigurationPlatforms) = postSolution
		{2F6902F5-8B7A-4A65-A316-1CF07B21503C}.Debug|Any CPU.ActiveCfg = Debug|Any CPU
		{2F6902F5-8B7A-4A65-A316-1CF07B21503C}.Debug|Any CPU.Build.0 = Debug|Any CPU
		{2F6902F5-8B7A-4A65-A316-1CF07B21503C}.Release|Any CPU.ActiveCfg = Release|Any CPU
		{2F6902F5-8B7A-4A65-A316-1CF07B21503C}.Release|Any CPU.Build.0 = Release|Any CPU
	EndGlobalSection
	GlobalSection(SolutionProperties) = preSolution
		HideSolutionNode = FALSE
	EndGlobalSection
	GlobalSection(ExtensibilityGlobals) = postSolution
		SolutionGuid = {DF53E566-3D3A-4482-BC21-7B434D9E57E9}
	EndGlobalSection
EndGlobal
